// !$*UTF8*$!
{
	archiveVersion = 1;
	classes = {
	};
	objectVersion = 50;
	objects = {

/* Begin PBXBuildFile section */
		74A55B4C26496F3D003BFC82 /* AppDelegate.swift in Sources */ = {isa = PBXBuildFile; fileRef = 74A55B4B26496F3D003BFC82 /* AppDelegate.swift */; };
		74A55B4E26496F3D003BFC82 /* SceneDelegate.swift in Sources */ = {isa = PBXBuildFile; fileRef = 74A55B4D26496F3D003BFC82 /* SceneDelegate.swift */; };
		74A55B5326496F3D003BFC82 /* Main.storyboard in Resources */ = {isa = PBXBuildFile; fileRef = 74A55B5126496F3D003BFC82 /* Main.storyboard */; };
		74A55B5526496F3F003BFC82 /* Assets.xcassets in Resources */ = {isa = PBXBuildFile; fileRef = 74A55B5426496F3F003BFC82 /* Assets.xcassets */; };
		74A55B5826496F3F003BFC82 /* LaunchScreen.storyboard in Resources */ = {isa = PBXBuildFile; fileRef = 74A55B5626496F3F003BFC82 /* LaunchScreen.storyboard */; };
		74A55B60264974CA003BFC82 /* NewsCategoriesTableViewController.swift in Sources */ = {isa = PBXBuildFile; fileRef = 74A55B5F264974CA003BFC82 /* NewsCategoriesTableViewController.swift */; };
		74A55B622649768E003BFC82 /* ListOfSubscriptionsTableViewController.swift in Sources */ = {isa = PBXBuildFile; fileRef = 74A55B612649768E003BFC82 /* ListOfSubscriptionsTableViewController.swift */; };
		74A55B64264977A8003BFC82 /* CategoryTableViewCell.swift in Sources */ = {isa = PBXBuildFile; fileRef = 74A55B63264977A8003BFC82 /* CategoryTableViewCell.swift */; };
		74A55B66264977E8003BFC82 /* SubscriptionTableViewCell.swift in Sources */ = {isa = PBXBuildFile; fileRef = 74A55B65264977E8003BFC82 /* SubscriptionTableViewCell.swift */; };
		74A55B6826497AC4003BFC82 /* ListNewsTableViewController.swift in Sources */ = {isa = PBXBuildFile; fileRef = 74A55B6726497AC4003BFC82 /* ListNewsTableViewController.swift */; };
		74A55B6C26497C49003BFC82 /* FeedsListTableViewController.swift in Sources */ = {isa = PBXBuildFile; fileRef = 74A55B6B26497C49003BFC82 /* FeedsListTableViewController.swift */; };
		74A55B6E26497CCD003BFC82 /* FeedTableViewCell.swift in Sources */ = {isa = PBXBuildFile; fileRef = 74A55B6D26497CCD003BFC82 /* FeedTableViewCell.swift */; };
		74A55B7026497CF7003BFC82 /* NewsTableViewCell.swift in Sources */ = {isa = PBXBuildFile; fileRef = 74A55B6F26497CF7003BFC82 /* NewsTableViewCell.swift */; };
		74A55B7226497D73003BFC82 /* NewsViewController.swift in Sources */ = {isa = PBXBuildFile; fileRef = 74A55B7126497D73003BFC82 /* NewsViewController.swift */; };
		74A55B77264A8471003BFC82 /* RSSItem.swift in Sources */ = {isa = PBXBuildFile; fileRef = 74A55B76264A8471003BFC82 /* RSSItem.swift */; };
		74A55B7A264A8616003BFC82 /* FeedParser.swift in Sources */ = {isa = PBXBuildFile; fileRef = 74A55B79264A8616003BFC82 /* FeedParser.swift */; };
		74A55B7D264ACA15003BFC82 /* NewsCategories.swift in Sources */ = {isa = PBXBuildFile; fileRef = 74A55B7C264ACA15003BFC82 /* NewsCategories.swift */; };
/* End PBXBuildFile section */

/* Begin PBXFileReference section */
		74A55B4826496F3D003BFC82 /* RSSReader(XML).app */ = {isa = PBXFileReference; explicitFileType = wrapper.application; includeInIndex = 0; path = "RSSReader(XML).app"; sourceTree = BUILT_PRODUCTS_DIR; };
		74A55B4B26496F3D003BFC82 /* AppDelegate.swift */ = {isa = PBXFileReference; lastKnownFileType = sourcecode.swift; path = AppDelegate.swift; sourceTree = "<group>"; };
		74A55B4D26496F3D003BFC82 /* SceneDelegate.swift */ = {isa = PBXFileReference; lastKnownFileType = sourcecode.swift; path = SceneDelegate.swift; sourceTree = "<group>"; };
		74A55B5226496F3D003BFC82 /* Base */ = {isa = PBXFileReference; lastKnownFileType = file.storyboard; name = Base; path = Base.lproj/Main.storyboard; sourceTree = "<group>"; };
		74A55B5426496F3F003BFC82 /* Assets.xcassets */ = {isa = PBXFileReference; lastKnownFileType = folder.assetcatalog; path = Assets.xcassets; sourceTree = "<group>"; };
		74A55B5726496F3F003BFC82 /* Base */ = {isa = PBXFileReference; lastKnownFileType = file.storyboard; name = Base; path = Base.lproj/LaunchScreen.storyboard; sourceTree = "<group>"; };
		74A55B5926496F3F003BFC82 /* Info.plist */ = {isa = PBXFileReference; lastKnownFileType = text.plist.xml; path = Info.plist; sourceTree = "<group>"; };
		74A55B5F264974CA003BFC82 /* NewsCategoriesTableViewController.swift */ = {isa = PBXFileReference; lastKnownFileType = sourcecode.swift; path = NewsCategoriesTableViewController.swift; sourceTree = "<group>"; };
		74A55B612649768E003BFC82 /* ListOfSubscriptionsTableViewController.swift */ = {isa = PBXFileReference; lastKnownFileType = sourcecode.swift; path = ListOfSubscriptionsTableViewController.swift; sourceTree = "<group>"; };
		74A55B63264977A8003BFC82 /* CategoryTableViewCell.swift */ = {isa = PBXFileReference; lastKnownFileType = sourcecode.swift; path = CategoryTableViewCell.swift; sourceTree = "<group>"; };
		74A55B65264977E8003BFC82 /* SubscriptionTableViewCell.swift */ = {isa = PBXFileReference; lastKnownFileType = sourcecode.swift; path = SubscriptionTableViewCell.swift; sourceTree = "<group>"; };
		74A55B6726497AC4003BFC82 /* ListNewsTableViewController.swift */ = {isa = PBXFileReference; lastKnownFileType = sourcecode.swift; path = ListNewsTableViewController.swift; sourceTree = "<group>"; };
		74A55B6B26497C49003BFC82 /* FeedsListTableViewController.swift */ = {isa = PBXFileReference; lastKnownFileType = sourcecode.swift; path = FeedsListTableViewController.swift; sourceTree = "<group>"; };
		74A55B6D26497CCD003BFC82 /* FeedTableViewCell.swift */ = {isa = PBXFileReference; lastKnownFileType = sourcecode.swift; path = FeedTableViewCell.swift; sourceTree = "<group>"; };
		74A55B6F26497CF7003BFC82 /* NewsTableViewCell.swift */ = {isa = PBXFileReference; lastKnownFileType = sourcecode.swift; path = NewsTableViewCell.swift; sourceTree = "<group>"; };
		74A55B7126497D73003BFC82 /* NewsViewController.swift */ = {isa = PBXFileReference; lastKnownFileType = sourcecode.swift; path = NewsViewController.swift; sourceTree = "<group>"; };
		74A55B76264A8471003BFC82 /* RSSItem.swift */ = {isa = PBXFileReference; lastKnownFileType = sourcecode.swift; path = RSSItem.swift; sourceTree = "<group>"; };
		74A55B79264A8616003BFC82 /* FeedParser.swift */ = {isa = PBXFileReference; lastKnownFileType = sourcecode.swift; path = FeedParser.swift; sourceTree = "<group>"; };
		74A55B7C264ACA15003BFC82 /* NewsCategories.swift */ = {isa = PBXFileReference; lastKnownFileType = sourcecode.swift; path = NewsCategories.swift; sourceTree = "<group>"; };
/* End PBXFileReference section */

/* Begin PBXFrameworksBuildPhase section */
		74A55B4526496F3D003BFC82 /* Frameworks */ = {
			isa = PBXFrameworksBuildPhase;
			buildActionMask = 2147483647;
			files = (
			);
			runOnlyForDeploymentPostprocessing = 0;
		};
/* End PBXFrameworksBuildPhase section */

/* Begin PBXGroup section */
		74A55B3F26496F3D003BFC82 = {
			isa = PBXGroup;
			children = (
				74A55B4A26496F3D003BFC82 /* RSSReader(XML) */,
				74A55B4926496F3D003BFC82 /* Products */,
			);
			sourceTree = "<group>";
		};
		74A55B4926496F3D003BFC82 /* Products */ = {
			isa = PBXGroup;
			children = (
				74A55B4826496F3D003BFC82 /* RSSReader(XML).app */,
			);
			name = Products;
			sourceTree = "<group>";
		};
		74A55B4A26496F3D003BFC82 /* RSSReader(XML) */ = {
			isa = PBXGroup;
			children = (
				74A55B78264A85C7003BFC82 /* Model */,
				74A55B6926497B0F003BFC82 /* Controllers */,
				74A55B6A26497B35003BFC82 /* Views */,
				74A55B752649800F003BFC82 /* Supporting Files */,
				74A55B7B264A8FC7003BFC82 /* Services */,
				74A55B7426497FD4003BFC82 /* Resources */,
			);
			path = "RSSReader(XML)";
			sourceTree = "<group>";
		};
		74A55B6926497B0F003BFC82 /* Controllers */ = {
			isa = PBXGroup;
			children = (
				74A55B5F264974CA003BFC82 /* NewsCategoriesTableViewController.swift */,
				74A55B6B26497C49003BFC82 /* FeedsListTableViewController.swift */,
				74A55B612649768E003BFC82 /* ListOfSubscriptionsTableViewController.swift */,
				74A55B6726497AC4003BFC82 /* ListNewsTableViewController.swift */,
				74A55B7126497D73003BFC82 /* NewsViewController.swift */,
			);
			path = Controllers;
			sourceTree = "<group>";
		};
		74A55B6A26497B35003BFC82 /* Views */ = {
			isa = PBXGroup;
			children = (
				74A55B63264977A8003BFC82 /* CategoryTableViewCell.swift */,
				74A55B6D26497CCD003BFC82 /* FeedTableViewCell.swift */,
				74A55B65264977E8003BFC82 /* SubscriptionTableViewCell.swift */,
				74A55B6F26497CF7003BFC82 /* NewsTableViewCell.swift */,
				74A55B7326497DE9003BFC82 /* Storyboards */,
			);
			path = Views;
			sourceTree = "<group>";
		};
		74A55B7326497DE9003BFC82 /* Storyboards */ = {
			isa = PBXGroup;
			children = (
				74A55B5126496F3D003BFC82 /* Main.storyboard */,
				74A55B5626496F3F003BFC82 /* LaunchScreen.storyboard */,
			);
			path = Storyboards;
			sourceTree = "<group>";
		};
		74A55B7426497FD4003BFC82 /* Resources */ = {
			isa = PBXGroup;
			children = (
				74A55B5426496F3F003BFC82 /* Assets.xcassets */,
			);
			path = Resources;
			sourceTree = "<group>";
		};
		74A55B752649800F003BFC82 /* Supporting Files */ = {
			isa = PBXGroup;
			children = (
				74A55B4B26496F3D003BFC82 /* AppDelegate.swift */,
				74A55B4D26496F3D003BFC82 /* SceneDelegate.swift */,
				74A55B5926496F3F003BFC82 /* Info.plist */,
			);
			path = "Supporting Files";
			sourceTree = "<group>";
		};
		74A55B78264A85C7003BFC82 /* Model */ = {
			isa = PBXGroup;
			children = (
				74A55B76264A8471003BFC82 /* RSSItem.swift */,
				74A55B7C264ACA15003BFC82 /* NewsCategories.swift */,
			);
			path = Model;
			sourceTree = "<group>";
		};
		74A55B7B264A8FC7003BFC82 /* Services */ = {
			isa = PBXGroup;
			children = (
				74A55B79264A8616003BFC82 /* FeedParser.swift */,
			);
			path = Services;
			sourceTree = "<group>";
		};
/* End PBXGroup section */

/* Begin PBXNativeTarget section */
		74A55B4726496F3D003BFC82 /* RSSReader(XML) */ = {
			isa = PBXNativeTarget;
			buildConfigurationList = 74A55B5C26496F3F003BFC82 /* Build configuration list for PBXNativeTarget "RSSReader(XML)" */;
			buildPhases = (
				74A55B4426496F3D003BFC82 /* Sources */,
				74A55B4526496F3D003BFC82 /* Frameworks */,
				74A55B4626496F3D003BFC82 /* Resources */,
			);
			buildRules = (
			);
			dependencies = (
			);
			name = "RSSReader(XML)";
			productName = "RSSReader(XML)";
			productReference = 74A55B4826496F3D003BFC82 /* RSSReader(XML).app */;
			productType = "com.apple.product-type.application";
		};
/* End PBXNativeTarget section */

/* Begin PBXProject section */
		74A55B4026496F3D003BFC82 /* Project object */ = {
			isa = PBXProject;
			attributes = {
				LastSwiftUpdateCheck = 1250;
				LastUpgradeCheck = 1250;
				TargetAttributes = {
					74A55B4726496F3D003BFC82 = {
						CreatedOnToolsVersion = 12.5;
					};
				};
			};
			buildConfigurationList = 74A55B4326496F3D003BFC82 /* Build configuration list for PBXProject "RSSReader(XML)" */;
			compatibilityVersion = "Xcode 9.3";
			developmentRegion = en;
			hasScannedForEncodings = 0;
			knownRegions = (
				en,
				Base,
			);
			mainGroup = 74A55B3F26496F3D003BFC82;
			productRefGroup = 74A55B4926496F3D003BFC82 /* Products */;
			projectDirPath = "";
			projectRoot = "";
			targets = (
				74A55B4726496F3D003BFC82 /* RSSReader(XML) */,
			);
		};
/* End PBXProject section */

/* Begin PBXResourcesBuildPhase section */
		74A55B4626496F3D003BFC82 /* Resources */ = {
			isa = PBXResourcesBuildPhase;
			buildActionMask = 2147483647;
			files = (
				74A55B5826496F3F003BFC82 /* LaunchScreen.storyboard in Resources */,
				74A55B5526496F3F003BFC82 /* Assets.xcassets in Resources */,
				74A55B5326496F3D003BFC82 /* Main.storyboard in Resources */,
			);
			runOnlyForDeploymentPostprocessing = 0;
		};
/* End PBXResourcesBuildPhase section */

/* Begin PBXSourcesBuildPhase section */
		74A55B4426496F3D003BFC82 /* Sources */ = {
			isa = PBXSourcesBuildPhase;
			buildActionMask = 2147483647;
			files = (
				74A55B6826497AC4003BFC82 /* ListNewsTableViewController.swift in Sources */,
				74A55B66264977E8003BFC82 /* SubscriptionTableViewCell.swift in Sources */,
				74A55B7026497CF7003BFC82 /* NewsTableViewCell.swift in Sources */,
				74A55B77264A8471003BFC82 /* RSSItem.swift in Sources */,
				74A55B64264977A8003BFC82 /* CategoryTableViewCell.swift in Sources */,
				74A55B7226497D73003BFC82 /* NewsViewController.swift in Sources */,
				74A55B6C26497C49003BFC82 /* FeedsListTableViewController.swift in Sources */,
				74A55B7A264A8616003BFC82 /* FeedParser.swift in Sources */,
				74A55B4C26496F3D003BFC82 /* AppDelegate.swift in Sources */,
				74A55B6E26497CCD003BFC82 /* FeedTableViewCell.swift in Sources */,
				74A55B7D264ACA15003BFC82 /* NewsCategories.swift in Sources */,
				74A55B60264974CA003BFC82 /* NewsCategoriesTableViewController.swift in Sources */,
				74A55B622649768E003BFC82 /* ListOfSubscriptionsTableViewController.swift in Sources */,
				74A55B4E26496F3D003BFC82 /* SceneDelegate.swift in Sources */,
			);
			runOnlyForDeploymentPostprocessing = 0;
		};
/* End PBXSourcesBuildPhase section */

/* Begin PBXVariantGroup section */
		74A55B5126496F3D003BFC82 /* Main.storyboard */ = {
			isa = PBXVariantGroup;
			children = (
				74A55B5226496F3D003BFC82 /* Base */,
			);
			name = Main.storyboard;
			sourceTree = "<group>";
		};
		74A55B5626496F3F003BFC82 /* LaunchScreen.storyboard */ = {
			isa = PBXVariantGroup;
			children = (
				74A55B5726496F3F003BFC82 /* Base */,
			);
			name = LaunchScreen.storyboard;
			sourceTree = "<group>";
		};
/* End PBXVariantGroup section */

/* Begin XCBuildConfiguration section */
		74A55B5A26496F3F003BFC82 /* Debug */ = {
			isa = XCBuildConfiguration;
			buildSettings = {
				ALWAYS_SEARCH_USER_PATHS = NO;
				CLANG_ANALYZER_NONNULL = YES;
				CLANG_ANALYZER_NUMBER_OBJECT_CONVERSION = YES_AGGRESSIVE;
				CLANG_CXX_LANGUAGE_STANDARD = "gnu++14";
				CLANG_CXX_LIBRARY = "libc++";
				CLANG_ENABLE_MODULES = YES;
				CLANG_ENABLE_OBJC_ARC = YES;
				CLANG_ENABLE_OBJC_WEAK = YES;
				CLANG_WARN_BLOCK_CAPTURE_AUTORELEASING = YES;
				CLANG_WARN_BOOL_CONVERSION = YES;
				CLANG_WARN_COMMA = YES;
				CLANG_WARN_CONSTANT_CONVERSION = YES;
				CLANG_WARN_DEPRECATED_OBJC_IMPLEMENTATIONS = YES;
				CLANG_WARN_DIRECT_OBJC_ISA_USAGE = YES_ERROR;
				CLANG_WARN_DOCUMENTATION_COMMENTS = YES;
				CLANG_WARN_EMPTY_BODY = YES;
				CLANG_WARN_ENUM_CONVERSION = YES;
				CLANG_WARN_INFINITE_RECURSION = YES;
				CLANG_WARN_INT_CONVERSION = YES;
				CLANG_WARN_NON_LITERAL_NULL_CONVERSION = YES;
				CLANG_WARN_OBJC_IMPLICIT_RETAIN_SELF = YES;
				CLANG_WARN_OBJC_LITERAL_CONVERSION = YES;
				CLANG_WARN_OBJC_ROOT_CLASS = YES_ERROR;
				CLANG_WARN_QUOTED_INCLUDE_IN_FRAMEWORK_HEADER = YES;
				CLANG_WARN_RANGE_LOOP_ANALYSIS = YES;
				CLANG_WARN_STRICT_PROTOTYPES = YES;
				CLANG_WARN_SUSPICIOUS_MOVE = YES;
				CLANG_WARN_UNGUARDED_AVAILABILITY = YES_AGGRESSIVE;
				CLANG_WARN_UNREACHABLE_CODE = YES;
				CLANG_WARN__DUPLICATE_METHOD_MATCH = YES;
				COPY_PHASE_STRIP = NO;
				DEBUG_INFORMATION_FORMAT = dwarf;
				ENABLE_STRICT_OBJC_MSGSEND = YES;
				ENABLE_TESTABILITY = YES;
				GCC_C_LANGUAGE_STANDARD = gnu11;
				GCC_DYNAMIC_NO_PIC = NO;
				GCC_NO_COMMON_BLOCKS = YES;
				GCC_OPTIMIZATION_LEVEL = 0;
				GCC_PREPROCESSOR_DEFINITIONS = (
					"DEBUG=1",
					"$(inherited)",
				);
				GCC_WARN_64_TO_32_BIT_CONVERSION = YES;
				GCC_WARN_ABOUT_RETURN_TYPE = YES_ERROR;
				GCC_WARN_UNDECLARED_SELECTOR = YES;
				GCC_WARN_UNINITIALIZED_AUTOS = YES_AGGRESSIVE;
				GCC_WARN_UNUSED_FUNCTION = YES;
				GCC_WARN_UNUSED_VARIABLE = YES;
				IPHONEOS_DEPLOYMENT_TARGET = 14.5;
				MTL_ENABLE_DEBUG_INFO = INCLUDE_SOURCE;
				MTL_FAST_MATH = YES;
				ONLY_ACTIVE_ARCH = YES;
				SDKROOT = iphoneos;
				SWIFT_ACTIVE_COMPILATION_CONDITIONS = DEBUG;
				SWIFT_OPTIMIZATION_LEVEL = "-Onone";
			};
			name = Debug;
		};
		74A55B5B26496F3F003BFC82 /* Release */ = {
			isa = XCBuildConfiguration;
			buildSettings = {
				ALWAYS_SEARCH_USER_PATHS = NO;
				CLANG_ANALYZER_NONNULL = YES;
				CLANG_ANALYZER_NUMBER_OBJECT_CONVERSION = YES_AGGRESSIVE;
				CLANG_CXX_LANGUAGE_STANDARD = "gnu++14";
				CLANG_CXX_LIBRARY = "libc++";
				CLANG_ENABLE_MODULES = YES;
				CLANG_ENABLE_OBJC_ARC = YES;
				CLANG_ENABLE_OBJC_WEAK = YES;
				CLANG_WARN_BLOCK_CAPTURE_AUTORELEASING = YES;
				CLANG_WARN_BOOL_CONVERSION = YES;
				CLANG_WARN_COMMA = YES;
				CLANG_WARN_CONSTANT_CONVERSION = YES;
				CLANG_WARN_DEPRECATED_OBJC_IMPLEMENTATIONS = YES;
				CLANG_WARN_DIRECT_OBJC_ISA_USAGE = YES_ERROR;
				CLANG_WARN_DOCUMENTATION_COMMENTS = YES;
				CLANG_WARN_EMPTY_BODY = YES;
				CLANG_WARN_ENUM_CONVERSION = YES;
				CLANG_WARN_INFINITE_RECURSION = YES;
				CLANG_WARN_INT_CONVERSION = YES;
				CLANG_WARN_NON_LITERAL_NULL_CONVERSION = YES;
				CLANG_WARN_OBJC_IMPLICIT_RETAIN_SELF = YES;
				CLANG_WARN_OBJC_LITERAL_CONVERSION = YES;
				CLANG_WARN_OBJC_ROOT_CLASS = YES_ERROR;
				CLANG_WARN_QUOTED_INCLUDE_IN_FRAMEWORK_HEADER = YES;
				CLANG_WARN_RANGE_LOOP_ANALYSIS = YES;
				CLANG_WARN_STRICT_PROTOTYPES = YES;
				CLANG_WARN_SUSPICIOUS_MOVE = YES;
				CLANG_WARN_UNGUARDED_AVAILABILITY = YES_AGGRESSIVE;
				CLANG_WARN_UNREACHABLE_CODE = YES;
				CLANG_WARN__DUPLICATE_METHOD_MATCH = YES;
				COPY_PHASE_STRIP = NO;
				DEBUG_INFORMATION_FORMAT = "dwarf-with-dsym";
				ENABLE_NS_ASSERTIONS = NO;
				ENABLE_STRICT_OBJC_MSGSEND = YES;
				GCC_C_LANGUAGE_STANDARD = gnu11;
				GCC_NO_COMMON_BLOCKS = YES;
				GCC_WARN_64_TO_32_BIT_CONVERSION = YES;
				GCC_WARN_ABOUT_RETURN_TYPE = YES_ERROR;
				GCC_WARN_UNDECLARED_SELECTOR = YES;
				GCC_WARN_UNINITIALIZED_AUTOS = YES_AGGRESSIVE;
				GCC_WARN_UNUSED_FUNCTION = YES;
				GCC_WARN_UNUSED_VARIABLE = YES;
				IPHONEOS_DEPLOYMENT_TARGET = 14.5;
				MTL_ENABLE_DEBUG_INFO = NO;
				MTL_FAST_MATH = YES;
				SDKROOT = iphoneos;
				SWIFT_COMPILATION_MODE = wholemodule;
				SWIFT_OPTIMIZATION_LEVEL = "-O";
				VALIDATE_PRODUCT = YES;
			};
			name = Release;
		};
		74A55B5D26496F3F003BFC82 /* Debug */ = {
			isa = XCBuildConfiguration;
			buildSettings = {
				ASSETCATALOG_COMPILER_APPICON_NAME = AppIcon;
				ASSETCATALOG_COMPILER_GLOBAL_ACCENT_COLOR_NAME = AccentColor;
				CODE_SIGN_STYLE = Automatic;
				DEVELOPMENT_TEAM = 9FX9R88448;
				INFOPLIST_FILE = "$(SRCROOT)/RSSReader(XML)/Supporting Files/Info.plist";
				IPHONEOS_DEPLOYMENT_TARGET = 13.0;
				LD_RUNPATH_SEARCH_PATHS = (
					"$(inherited)",
					"@executable_path/Frameworks",
				);
				PRODUCT_BUNDLE_IDENTIFIER = "com.istomin.mikhail.91.RSSReader-XML-";
				PRODUCT_NAME = "$(TARGET_NAME)";
				SWIFT_VERSION = 5.0;
				TARGETED_DEVICE_FAMILY = 1;
			};
			name = Debug;
		};
		74A55B5E26496F3F003BFC82 /* Release */ = {
			isa = XCBuildConfiguration;
			buildSettings = {
				ASSETCATALOG_COMPILER_APPICON_NAME = AppIcon;
				ASSETCATALOG_COMPILER_GLOBAL_ACCENT_COLOR_NAME = AccentColor;
				CODE_SIGN_STYLE = Automatic;
				DEVELOPMENT_TEAM = 9FX9R88448;
				INFOPLIST_FILE = "$(SRCROOT)/RSSReader(XML)/Supporting Files/Info.plist";
				IPHONEOS_DEPLOYMENT_TARGET = 13.0;
				LD_RUNPATH_SEARCH_PATHS = (
					"$(inherited)",
					"@executable_path/Frameworks",
				);
				PRODUCT_BUNDLE_IDENTIFIER = "com.istomin.mikhail.91.RSSReader-XML-";
				PRODUCT_NAME = "$(TARGET_NAME)";
				SWIFT_VERSION = 5.0;
				TARGETED_DEVICE_FAMILY = 1;
			};
			name = Release;
		};
/* End XCBuildConfiguration section */

/* Begin XCConfigurationList section */
		74A55B4326496F3D003BFC82 /* Build configuration list for PBXProject "RSSReader(XML)" */ = {
			isa = XCConfigurationList;
			buildConfigurations = (
				74A55B5A26496F3F003BFC82 /* Debug */,
				74A55B5B26496F3F003BFC82 /* Release */,
			);
			defaultConfigurationIsVisible = 0;
			defaultConfigurationName = Release;
		};
		74A55B5C26496F3F003BFC82 /* Build configuration list for PBXNativeTarget "RSSReader(XML)" */ = {
			isa = XCConfigurationList;
			buildConfigurations = (
				74A55B5D26496F3F003BFC82 /* Debug */,
				74A55B5E26496F3F003BFC82 /* Release */,
			);
			defaultConfigurationIsVisible = 0;
			defaultConfigurationName = Release;
		};
/* End XCConfigurationList section */
	};
	rootObject = 74A55B4026496F3D003BFC82 /* Project object */;
}
